
Microsoft Visual Studio Solution File, Format Version 12.00
# Visual Studio 14
VisualStudioVersion = 14.0.25420.1
MinimumVisualStudioVersion = 10.0.40219.1
Project("{8BC9CEB8-8B4A-11D0-8D11-00A0C91BC942}") = "Vector", "Vector\Vector.vcxproj", "{CD83398F-F7F2-46A2-8F35-F4719B430D27}"
EndProject
Project("{8BC9CEB8-8B4A-11D0-8D11-00A0C91BC942}") = "tryCatchThrow", "tryCatch\tryCatch.vcxproj", "{C575F540-AE5D-494B-8FE0-F852FECE3892}"
EndProject
Project("{8BC9CEB8-8B4A-11D0-8D11-00A0C91BC942}") = "Iterators", "Iterators\Iterators.vcxproj", "{49063F45-5C40-41EF-B36F-C03DFBF7DBFB}"
EndProject
Project("{8BC9CEB8-8B4A-11D0-8D11-00A0C91BC942}") = "List", "List\List.vcxproj", "{523602E4-3EF9-4B06-993F-E2D8CDC4BA22}"
EndProject
Project("{8BC9CEB8-8B4A-11D0-8D11-00A0C91BC942}") = "Deque", "Deque\Deque.vcxproj", "{57AA1C6A-939F-46A3-928A-7E8DAE1118C7}"
EndProject
Project("{8BC9CEB8-8B4A-11D0-8D11-00A0C91BC942}") = "MapMultimap", "MapMultimap\MapMultimap.vcxproj", "{9A819726-0420-4AAB-82B6-733635C52BB4}"
EndProject
Project("{8BC9CEB8-8B4A-11D0-8D11-00A0C91BC942}") = "Adapters. Stack", "Adapters. Stack\Adapters. Stack.vcxproj", "{C3A6C215-FE98-4617-8D59-F3889D56F33F}"
EndProject
Project("{8BC9CEB8-8B4A-11D0-8D11-00A0C91BC942}") = "Adapters. QueuePriorityQueue", "Adapters. QueuePriorityQueue\Adapters. QueuePriorityQueue.vcxproj", "{002CF2ED-81B7-47D8-9A90-8751679779C1}"
EndProject
Project("{8BC9CEB8-8B4A-11D0-8D11-00A0C91BC942}") = "Algorithms. SortLambda", "Algorithms. SortLambda\Algorithms. SortLambda.vcxproj", "{13192DD1-265F-4607-9E48-CEABE0846035}"
EndProject
Project("{8BC9CEB8-8B4A-11D0-8D11-00A0C91BC942}") = "Array", "Array\Array.vcxproj", "{0B64C5E9-CC6A-4FDA-9AEC-9433F99567A8}"
EndProject
Project("{8BC9CEB8-8B4A-11D0-8D11-00A0C91BC942}") = "Comparison", "Comparison\Comparison.vcxproj", "{70CEDD8D-B5B5-4AFA-A520-B6343B8AE438}"
EndProject
Project("{8BC9CEB8-8B4A-11D0-8D11-00A0C91BC942}") = "ForwardList", "ForwardList\ForwardList.vcxproj", "{3DC18969-5C90-4EAB-AB8C-72C57423D85F}"
EndProject
Project("{8BC9CEB8-8B4A-11D0-8D11-00A0C91BC942}") = "SetMultiset", "SetMultiset\SetMultiset.vcxproj", "{F2FFB5C8-DFBC-4F70-B435-18FF70842FD7}"
EndProject
Project("{8BC9CEB8-8B4A-11D0-8D11-00A0C91BC942}") = "Algorithms. Find", "Algorithms. Find\Algorithms. Find.vcxproj", "{7641332B-E108-4A06-9491-88A557FB4645}"
EndProject
Project("{8BC9CEB8-8B4A-11D0-8D11-00A0C91BC942}") = "Algorithms. Copy", "Algorithms. Copy\Algorithms. Copy.vcxproj", "{DF862050-B800-4202-B4B8-BEDB6E27054D}"
EndProject
Project("{8BC9CEB8-8B4A-11D0-8D11-00A0C91BC942}") = "Algorithms. Remove", "Algorithms. Remove\Algorithms. Remove.vcxproj", "{A4D5F2EF-0190-4F2C-8698-36084A627FB8}"
EndProject
Project("{8BC9CEB8-8B4A-11D0-8D11-00A0C91BC942}") = "Algorithms. maxMinMinmax", "Algorithms. max_element\Algorithms. max_element.vcxproj", "{7F1A4241-FC08-48C4-9C39-3DFE4241403F}"
EndProject
Project("{8BC9CEB8-8B4A-11D0-8D11-00A0C91BC942}") = "Algorithms. Accumulate", "Algorithms. Accumulate\Algorithms. Accumulate.vcxproj", "{FB662135-FB9C-416A-9C55-0E8BFFED8FC3}"
EndProject
Project("{8BC9CEB8-8B4A-11D0-8D11-00A0C91BC942}") = "Algorithms. EqualMismatch", "Algorithms. EqualMismatch\Algorithms. EqualMismatch.vcxproj", "{E847FF00-7C38-4DF4-9E4A-09EC70FF5C4E}"
EndProject
Project("{8BC9CEB8-8B4A-11D0-8D11-00A0C91BC942}") = "Algorithms. For_each", "Algorithms. For_each\Algorithms. For_each.vcxproj", "{BB97B636-959B-4E65-8222-2F238CC6CD4C}"
EndProject
Project("{8BC9CEB8-8B4A-11D0-8D11-00A0C91BC942}") = "Algorithms. Unique", "Algorithms. Unique\Algorithms. Unique.vcxproj", "{DD78182A-9632-4E64-B5A9-F7555D35F3CA}"
EndProject
Project("{8BC9CEB8-8B4A-11D0-8D11-00A0C91BC942}") = "Algorithms. Random_shuffle", "Algorithms. Random_shuffle\Algorithms. Random_shuffle.vcxproj", "{AA705597-11E5-4C68-A2A2-966AC47EE52B}"
EndProject
Global
	GlobalSection(SolutionConfigurationPlatforms) = preSolution
		Debug|x64 = Debug|x64
		Debug|x86 = Debug|x86
		Release|x64 = Release|x64
		Release|x86 = Release|x86
	EndGlobalSection
	GlobalSection(ProjectConfigurationPlatforms) = postSolution
		{CD83398F-F7F2-46A2-8F35-F4719B430D27}.Debug|x64.ActiveCfg = Debug|x64
		{CD83398F-F7F2-46A2-8F35-F4719B430D27}.Debug|x64.Build.0 = Debug|x64
		{CD83398F-F7F2-46A2-8F35-F4719B430D27}.Debug|x86.ActiveCfg = Debug|Win32
		{CD83398F-F7F2-46A2-8F35-F4719B430D27}.Debug|x86.Build.0 = Debug|Win32
		{CD83398F-F7F2-46A2-8F35-F4719B430D27}.Release|x64.ActiveCfg = Release|x64
		{CD83398F-F7F2-46A2-8F35-F4719B430D27}.Release|x64.Build.0 = Release|x64
		{CD83398F-F7F2-46A2-8F35-F4719B430D27}.Release|x86.ActiveCfg = Release|Win32
		{CD83398F-F7F2-46A2-8F35-F4719B430D27}.Release|x86.Build.0 = Release|Win32
		{C575F540-AE5D-494B-8FE0-F852FECE3892}.Debug|x64.ActiveCfg = Debug|x64
		{C575F540-AE5D-494B-8FE0-F852FECE3892}.Debug|x64.Build.0 = Debug|x64
		{C575F540-AE5D-494B-8FE0-F852FECE3892}.Debug|x86.ActiveCfg = Debug|Win32
		{C575F540-AE5D-494B-8FE0-F852FECE3892}.Debug|x86.Build.0 = Debug|Win32
		{C575F540-AE5D-494B-8FE0-F852FECE3892}.Release|x64.ActiveCfg = Release|x64
		{C575F540-AE5D-494B-8FE0-F852FECE3892}.Release|x64.Build.0 = Release|x64
		{C575F540-AE5D-494B-8FE0-F852FECE3892}.Release|x86.ActiveCfg = Release|Win32
		{C575F540-AE5D-494B-8FE0-F852FECE3892}.Release|x86.Build.0 = Release|Win32
		{49063F45-5C40-41EF-B36F-C03DFBF7DBFB}.Debug|x64.ActiveCfg = Debug|x64
		{49063F45-5C40-41EF-B36F-C03DFBF7DBFB}.Debug|x64.Build.0 = Debug|x64
		{49063F45-5C40-41EF-B36F-C03DFBF7DBFB}.Debug|x86.ActiveCfg = Debug|Win32
		{49063F45-5C40-41EF-B36F-C03DFBF7DBFB}.Debug|x86.Build.0 = Debug|Win32
		{49063F45-5C40-41EF-B36F-C03DFBF7DBFB}.Release|x64.ActiveCfg = Release|x64
		{49063F45-5C40-41EF-B36F-C03DFBF7DBFB}.Release|x64.Build.0 = Release|x64
		{49063F45-5C40-41EF-B36F-C03DFBF7DBFB}.Release|x86.ActiveCfg = Release|Win32
		{49063F45-5C40-41EF-B36F-C03DFBF7DBFB}.Release|x86.Build.0 = Release|Win32
		{523602E4-3EF9-4B06-993F-E2D8CDC4BA22}.Debug|x64.ActiveCfg = Debug|x64
		{523602E4-3EF9-4B06-993F-E2D8CDC4BA22}.Debug|x64.Build.0 = Debug|x64
		{523602E4-3EF9-4B06-993F-E2D8CDC4BA22}.Debug|x86.ActiveCfg = Debug|Win32
		{523602E4-3EF9-4B06-993F-E2D8CDC4BA22}.Debug|x86.Build.0 = Debug|Win32
		{523602E4-3EF9-4B06-993F-E2D8CDC4BA22}.Release|x64.ActiveCfg = Release|x64
		{523602E4-3EF9-4B06-993F-E2D8CDC4BA22}.Release|x64.Build.0 = Release|x64
		{523602E4-3EF9-4B06-993F-E2D8CDC4BA22}.Release|x86.ActiveCfg = Release|Win32
		{523602E4-3EF9-4B06-993F-E2D8CDC4BA22}.Release|x86.Build.0 = Release|Win32
		{57AA1C6A-939F-46A3-928A-7E8DAE1118C7}.Debug|x64.ActiveCfg = Debug|x64
		{57AA1C6A-939F-46A3-928A-7E8DAE1118C7}.Debug|x64.Build.0 = Debug|x64
		{57AA1C6A-939F-46A3-928A-7E8DAE1118C7}.Debug|x86.ActiveCfg = Debug|Win32
		{57AA1C6A-939F-46A3-928A-7E8DAE1118C7}.Debug|x86.Build.0 = Debug|Win32
		{57AA1C6A-939F-46A3-928A-7E8DAE1118C7}.Release|x64.ActiveCfg = Release|x64
		{57AA1C6A-939F-46A3-928A-7E8DAE1118C7}.Release|x64.Build.0 = Release|x64
		{57AA1C6A-939F-46A3-928A-7E8DAE1118C7}.Release|x86.ActiveCfg = Release|Win32
		{57AA1C6A-939F-46A3-928A-7E8DAE1118C7}.Release|x86.Build.0 = Release|Win32
		{9A819726-0420-4AAB-82B6-733635C52BB4}.Debug|x64.ActiveCfg = Debug|x64
		{9A819726-0420-4AAB-82B6-733635C52BB4}.Debug|x64.Build.0 = Debug|x64
		{9A819726-0420-4AAB-82B6-733635C52BB4}.Debug|x86.ActiveCfg = Debug|Win32
		{9A819726-0420-4AAB-82B6-733635C52BB4}.Debug|x86.Build.0 = Debug|Win32
		{9A819726-0420-4AAB-82B6-733635C52BB4}.Release|x64.ActiveCfg = Release|x64
		{9A819726-0420-4AAB-82B6-733635C52BB4}.Release|x64.Build.0 = Release|x64
		{9A819726-0420-4AAB-82B6-733635C52BB4}.Release|x86.ActiveCfg = Release|Win32
		{9A819726-0420-4AAB-82B6-733635C52BB4}.Release|x86.Build.0 = Release|Win32
		{C3A6C215-FE98-4617-8D59-F3889D56F33F}.Debug|x64.ActiveCfg = Debug|x64
		{C3A6C215-FE98-4617-8D59-F3889D56F33F}.Debug|x64.Build.0 = Debug|x64
		{C3A6C215-FE98-4617-8D59-F3889D56F33F}.Debug|x86.ActiveCfg = Debug|Win32
		{C3A6C215-FE98-4617-8D59-F3889D56F33F}.Debug|x86.Build.0 = Debug|Win32
		{C3A6C215-FE98-4617-8D59-F3889D56F33F}.Release|x64.ActiveCfg = Release|x64
		{C3A6C215-FE98-4617-8D59-F3889D56F33F}.Release|x64.Build.0 = Release|x64
		{C3A6C215-FE98-4617-8D59-F3889D56F33F}.Release|x86.ActiveCfg = Release|Win32
		{C3A6C215-FE98-4617-8D59-F3889D56F33F}.Release|x86.Build.0 = Release|Win32
		{002CF2ED-81B7-47D8-9A90-8751679779C1}.Debug|x64.ActiveCfg = Debug|x64
		{002CF2ED-81B7-47D8-9A90-8751679779C1}.Debug|x64.Build.0 = Debug|x64
		{002CF2ED-81B7-47D8-9A90-8751679779C1}.Debug|x86.ActiveCfg = Debug|Win32
		{002CF2ED-81B7-47D8-9A90-8751679779C1}.Debug|x86.Build.0 = Debug|Win32
		{002CF2ED-81B7-47D8-9A90-8751679779C1}.Release|x64.ActiveCfg = Release|x64
		{002CF2ED-81B7-47D8-9A90-8751679779C1}.Release|x64.Build.0 = Release|x64
		{002CF2ED-81B7-47D8-9A90-8751679779C1}.Release|x86.ActiveCfg = Release|Win32
		{002CF2ED-81B7-47D8-9A90-8751679779C1}.Release|x86.Build.0 = Release|Win32
		{13192DD1-265F-4607-9E48-CEABE0846035}.Debug|x64.ActiveCfg = Debug|x64
		{13192DD1-265F-4607-9E48-CEABE0846035}.Debug|x64.Build.0 = Debug|x64
		{13192DD1-265F-4607-9E48-CEABE0846035}.Debug|x86.ActiveCfg = Debug|Win32
		{13192DD1-265F-4607-9E48-CEABE0846035}.Debug|x86.Build.0 = Debug|Win32
		{13192DD1-265F-4607-9E48-CEABE0846035}.Release|x64.ActiveCfg = Release|x64
		{13192DD1-265F-4607-9E48-CEABE0846035}.Release|x64.Build.0 = Release|x64
		{13192DD1-265F-4607-9E48-CEABE0846035}.Release|x86.ActiveCfg = Release|Win32
		{13192DD1-265F-4607-9E48-CEABE0846035}.Release|x86.Build.0 = Release|Win32
		{0B64C5E9-CC6A-4FDA-9AEC-9433F99567A8}.Debug|x64.ActiveCfg = Debug|x64
		{0B64C5E9-CC6A-4FDA-9AEC-9433F99567A8}.Debug|x64.Build.0 = Debug|x64
		{0B64C5E9-CC6A-4FDA-9AEC-9433F99567A8}.Debug|x86.ActiveCfg = Debug|Win32
		{0B64C5E9-CC6A-4FDA-9AEC-9433F99567A8}.Debug|x86.Build.0 = Debug|Win32
		{0B64C5E9-CC6A-4FDA-9AEC-9433F99567A8}.Release|x64.ActiveCfg = Release|x64
		{0B64C5E9-CC6A-4FDA-9AEC-9433F99567A8}.Release|x64.Build.0 = Release|x64
		{0B64C5E9-CC6A-4FDA-9AEC-9433F99567A8}.Release|x86.ActiveCfg = Release|Win32
		{0B64C5E9-CC6A-4FDA-9AEC-9433F99567A8}.Release|x86.Build.0 = Release|Win32
		{70CEDD8D-B5B5-4AFA-A520-B6343B8AE438}.Debug|x64.ActiveCfg = Debug|x64
		{70CEDD8D-B5B5-4AFA-A520-B6343B8AE438}.Debug|x64.Build.0 = Debug|x64
		{70CEDD8D-B5B5-4AFA-A520-B6343B8AE438}.Debug|x86.ActiveCfg = Debug|Win32
		{70CEDD8D-B5B5-4AFA-A520-B6343B8AE438}.Debug|x86.Build.0 = Debug|Win32
		{70CEDD8D-B5B5-4AFA-A520-B6343B8AE438}.Release|x64.ActiveCfg = Release|x64
		{70CEDD8D-B5B5-4AFA-A520-B6343B8AE438}.Release|x64.Build.0 = Release|x64
		{70CEDD8D-B5B5-4AFA-A520-B6343B8AE438}.Release|x86.ActiveCfg = Release|Win32
		{70CEDD8D-B5B5-4AFA-A520-B6343B8AE438}.Release|x86.Build.0 = Release|Win32
		{3DC18969-5C90-4EAB-AB8C-72C57423D85F}.Debug|x64.ActiveCfg = Debug|x64
		{3DC18969-5C90-4EAB-AB8C-72C57423D85F}.Debug|x64.Build.0 = Debug|x64
		{3DC18969-5C90-4EAB-AB8C-72C57423D85F}.Debug|x86.ActiveCfg = Debug|Win32
		{3DC18969-5C90-4EAB-AB8C-72C57423D85F}.Debug|x86.Build.0 = Debug|Win32
		{3DC18969-5C90-4EAB-AB8C-72C57423D85F}.Release|x64.ActiveCfg = Release|x64
		{3DC18969-5C90-4EAB-AB8C-72C57423D85F}.Release|x64.Build.0 = Release|x64
		{3DC18969-5C90-4EAB-AB8C-72C57423D85F}.Release|x86.ActiveCfg = Release|Win32
		{3DC18969-5C90-4EAB-AB8C-72C57423D85F}.Release|x86.Build.0 = Release|Win32
		{F2FFB5C8-DFBC-4F70-B435-18FF70842FD7}.Debug|x64.ActiveCfg = Debug|x64
		{F2FFB5C8-DFBC-4F70-B435-18FF70842FD7}.Debug|x64.Build.0 = Debug|x64
		{F2FFB5C8-DFBC-4F70-B435-18FF70842FD7}.Debug|x86.ActiveCfg = Debug|Win32
		{F2FFB5C8-DFBC-4F70-B435-18FF70842FD7}.Debug|x86.Build.0 = Debug|Win32
		{F2FFB5C8-DFBC-4F70-B435-18FF70842FD7}.Release|x64.ActiveCfg = Release|x64
		{F2FFB5C8-DFBC-4F70-B435-18FF70842FD7}.Release|x64.Build.0 = Release|x64
		{F2FFB5C8-DFBC-4F70-B435-18FF70842FD7}.Release|x86.ActiveCfg = Release|Win32
		{F2FFB5C8-DFBC-4F70-B435-18FF70842FD7}.Release|x86.Build.0 = Release|Win32
		{7641332B-E108-4A06-9491-88A557FB4645}.Debug|x64.ActiveCfg = Debug|x64
		{7641332B-E108-4A06-9491-88A557FB4645}.Debug|x64.Build.0 = Debug|x64
		{7641332B-E108-4A06-9491-88A557FB4645}.Debug|x86.ActiveCfg = Debug|Win32
		{7641332B-E108-4A06-9491-88A557FB4645}.Debug|x86.Build.0 = Debug|Win32
		{7641332B-E108-4A06-9491-88A557FB4645}.Release|x64.ActiveCfg = Release|x64
		{7641332B-E108-4A06-9491-88A557FB4645}.Release|x64.Build.0 = Release|x64
		{7641332B-E108-4A06-9491-88A557FB4645}.Release|x86.ActiveCfg = Release|Win32
		{7641332B-E108-4A06-9491-88A557FB4645}.Release|x86.Build.0 = Release|Win32
		{DF862050-B800-4202-B4B8-BEDB6E27054D}.Debug|x64.ActiveCfg = Debug|x64
		{DF862050-B800-4202-B4B8-BEDB6E27054D}.Debug|x64.Build.0 = Debug|x64
		{DF862050-B800-4202-B4B8-BEDB6E27054D}.Debug|x86.ActiveCfg = Debug|Win32
		{DF862050-B800-4202-B4B8-BEDB6E27054D}.Debug|x86.Build.0 = Debug|Win32
		{DF862050-B800-4202-B4B8-BEDB6E27054D}.Release|x64.ActiveCfg = Release|x64
		{DF862050-B800-4202-B4B8-BEDB6E27054D}.Release|x64.Build.0 = Release|x64
		{DF862050-B800-4202-B4B8-BEDB6E27054D}.Release|x86.ActiveCfg = Release|Win32
		{DF862050-B800-4202-B4B8-BEDB6E27054D}.Release|x86.Build.0 = Release|Win32
		{A4D5F2EF-0190-4F2C-8698-36084A627FB8}.Debug|x64.ActiveCfg = Debug|x64
		{A4D5F2EF-0190-4F2C-8698-36084A627FB8}.Debug|x64.Build.0 = Debug|x64
		{A4D5F2EF-0190-4F2C-8698-36084A627FB8}.Debug|x86.ActiveCfg = Debug|Win32
		{A4D5F2EF-0190-4F2C-8698-36084A627FB8}.Debug|x86.Build.0 = Debug|Win32
		{A4D5F2EF-0190-4F2C-8698-36084A627FB8}.Release|x64.ActiveCfg = Release|x64
		{A4D5F2EF-0190-4F2C-8698-36084A627FB8}.Release|x64.Build.0 = Release|x64
		{A4D5F2EF-0190-4F2C-8698-36084A627FB8}.Release|x86.ActiveCfg = Release|Win32
		{A4D5F2EF-0190-4F2C-8698-36084A627FB8}.Release|x86.Build.0 = Release|Win32
		{7F1A4241-FC08-48C4-9C39-3DFE4241403F}.Debug|x64.ActiveCfg = Debug|x64
		{7F1A4241-FC08-48C4-9C39-3DFE4241403F}.Debug|x64.Build.0 = Debug|x64
		{7F1A4241-FC08-48C4-9C39-3DFE4241403F}.Debug|x86.ActiveCfg = Debug|Win32
		{7F1A4241-FC08-48C4-9C39-3DFE4241403F}.Debug|x86.Build.0 = Debug|Win32
		{7F1A4241-FC08-48C4-9C39-3DFE4241403F}.Release|x64.ActiveCfg = Release|x64
		{7F1A4241-FC08-48C4-9C39-3DFE4241403F}.Release|x64.Build.0 = Release|x64
		{7F1A4241-FC08-48C4-9C39-3DFE4241403F}.Release|x86.ActiveCfg = Release|Win32
		{7F1A4241-FC08-48C4-9C39-3DFE4241403F}.Release|x86.Build.0 = Release|Win32
		{FB662135-FB9C-416A-9C55-0E8BFFED8FC3}.Debug|x64.ActiveCfg = Debug|x64
		{FB662135-FB9C-416A-9C55-0E8BFFED8FC3}.Debug|x64.Build.0 = Debug|x64
		{FB662135-FB9C-416A-9C55-0E8BFFED8FC3}.Debug|x86.ActiveCfg = Debug|Win32
		{FB662135-FB9C-416A-9C55-0E8BFFED8FC3}.Debug|x86.Build.0 = Debug|Win32
		{FB662135-FB9C-416A-9C55-0E8BFFED8FC3}.Release|x64.ActiveCfg = Release|x64
		{FB662135-FB9C-416A-9C55-0E8BFFED8FC3}.Release|x64.Build.0 = Release|x64
		{FB662135-FB9C-416A-9C55-0E8BFFED8FC3}.Release|x86.ActiveCfg = Release|Win32
		{FB662135-FB9C-416A-9C55-0E8BFFED8FC3}.Release|x86.Build.0 = Release|Win32
		{E847FF00-7C38-4DF4-9E4A-09EC70FF5C4E}.Debug|x64.ActiveCfg = Debug|x64
		{E847FF00-7C38-4DF4-9E4A-09EC70FF5C4E}.Debug|x64.Build.0 = Debug|x64
		{E847FF00-7C38-4DF4-9E4A-09EC70FF5C4E}.Debug|x86.ActiveCfg = Debug|Win32
		{E847FF00-7C38-4DF4-9E4A-09EC70FF5C4E}.Debug|x86.Build.0 = Debug|Win32
		{E847FF00-7C38-4DF4-9E4A-09EC70FF5C4E}.Release|x64.ActiveCfg = Release|x64
		{E847FF00-7C38-4DF4-9E4A-09EC70FF5C4E}.Release|x64.Build.0 = Release|x64
		{E847FF00-7C38-4DF4-9E4A-09EC70FF5C4E}.Release|x86.ActiveCfg = Release|Win32
		{E847FF00-7C38-4DF4-9E4A-09EC70FF5C4E}.Release|x86.Build.0 = Release|Win32
		{BB97B636-959B-4E65-8222-2F238CC6CD4C}.Debug|x64.ActiveCfg = Debug|x64
		{BB97B636-959B-4E65-8222-2F238CC6CD4C}.Debug|x64.Build.0 = Debug|x64
		{BB97B636-959B-4E65-8222-2F238CC6CD4C}.Debug|x86.ActiveCfg = Debug|Win32
		{BB97B636-959B-4E65-8222-2F238CC6CD4C}.Debug|x86.Build.0 = Debug|Win32
		{BB97B636-959B-4E65-8222-2F238CC6CD4C}.Release|x64.ActiveCfg = Release|x64
		{BB97B636-959B-4E65-8222-2F238CC6CD4C}.Release|x64.Build.0 = Release|x64
		{BB97B636-959B-4E65-8222-2F238CC6CD4C}.Release|x86.ActiveCfg = Release|Win32
		{BB97B636-959B-4E65-8222-2F238CC6CD4C}.Release|x86.Build.0 = Release|Win32
		{DD78182A-9632-4E64-B5A9-F7555D35F3CA}.Debug|x64.ActiveCfg = Debug|x64
		{DD78182A-9632-4E64-B5A9-F7555D35F3CA}.Debug|x64.Build.0 = Debug|x64
		{DD78182A-9632-4E64-B5A9-F7555D35F3CA}.Debug|x86.ActiveCfg = Debug|Win32
		{DD78182A-9632-4E64-B5A9-F7555D35F3CA}.Debug|x86.Build.0 = Debug|Win32
		{DD78182A-9632-4E64-B5A9-F7555D35F3CA}.Release|x64.ActiveCfg = Release|x64
		{DD78182A-9632-4E64-B5A9-F7555D35F3CA}.Release|x64.Build.0 = Release|x64
		{DD78182A-9632-4E64-B5A9-F7555D35F3CA}.Release|x86.ActiveCfg = Release|Win32
		{DD78182A-9632-4E64-B5A9-F7555D35F3CA}.Release|x86.Build.0 = Release|Win32
		{AA705597-11E5-4C68-A2A2-966AC47EE52B}.Debug|x64.ActiveCfg = Debug|x64
		{AA705597-11E5-4C68-A2A2-966AC47EE52B}.Debug|x64.Build.0 = Debug|x64
		{AA705597-11E5-4C68-A2A2-966AC47EE52B}.Debug|x86.ActiveCfg = Debug|Win32
		{AA705597-11E5-4C68-A2A2-966AC47EE52B}.Debug|x86.Build.0 = Debug|Win32
		{AA705597-11E5-4C68-A2A2-966AC47EE52B}.Release|x64.ActiveCfg = Release|x64
		{AA705597-11E5-4C68-A2A2-966AC47EE52B}.Release|x64.Build.0 = Release|x64
		{AA705597-11E5-4C68-A2A2-966AC47EE52B}.Release|x86.ActiveCfg = Release|Win32
		{AA705597-11E5-4C68-A2A2-966AC47EE52B}.Release|x86.Build.0 = Release|Win32
	EndGlobalSection
	GlobalSection(SolutionProperties) = preSolution
		HideSolutionNode = FALSE
	EndGlobalSection
EndGlobal
